
Microsoft Visual Studio Solution File, Format Version 12.00
# Visual Studio Version 17
VisualStudioVersion = 17.0.31903.59
MinimumVisualStudioVersion = 10.0.40219.1
Project("{2150E333-8FDC-42A3-9474-1A3956D46DE8}") = "src", "src", "{804686B9-310A-4636-98BF-2EE5E9B29ABA}"
EndProject
Project("{2150E333-8FDC-42A3-9474-1A3956D46DE8}") = "CleanArchitecture", "CleanArchitecture", "{AC83C255-2BCE-4EEB-8D12-D9D2A7121073}"
EndProject
Project("{FAE04EC0-301F-11D3-BF4B-00C04F79EFBC}") = "CleanArchitecture.Domain", "src\CleanArchitecture\CleanArchitecture.Domain\CleanArchitecture.Domain.csproj", "{EFD396A7-B4EB-4BB8-AE58-E902BB8A31BD}"
EndProject
Project("{FAE04EC0-301F-11D3-BF4B-00C04F79EFBC}") = "CleanArchitecture.Application", "src\CleanArchitecture\CleanArchitecture.Application\CleanArchitecture.Application.csproj", "{0CED6EB0-6685-4C6C-B1FC-B8D99ADE4BEA}"
EndProject
Project("{FAE04EC0-301F-11D3-BF4B-00C04F79EFBC}") = "CleanArchitecture.Infrastructure", "src\CleanArchitecture\CleanArchitecture.Infrastructure\CleanArchitecture.Infrastructure.csproj", "{E9A8A6A4-CEAC-4FC9-B75C-53CE713485E7}"
EndProject
Project("{FAE04EC0-301F-11D3-BF4B-00C04F79EFBC}") = "CleanArchitecture.Api", "src\CleanArchitecture\CleanArchitecture.Api\CleanArchitecture.Api.csproj", "{0F76856F-6174-4CC4-A851-F8636246C578}"
EndProject
Project("{2150E333-8FDC-42A3-9474-1A3956D46DE8}") = "test", "test", "{472B1B70-9F97-4556-8A17-A538E3D9B759}"
EndProject
Project("{2150E333-8FDC-42A3-9474-1A3956D46DE8}") = "CleanArchitecture", "CleanArchitecture", "{5014BAFB-8084-40C3-BB3B-E5D0EC3A3DF4}"
EndProject
Project("{FAE04EC0-301F-11D3-BF4B-00C04F79EFBC}") = "CleanArchitecture.Domain.UnitTests", "test\CleanArchitecture\CleanArchitecture.Domain.UnitTests\CleanArchitecture.Domain.UnitTests.csproj", "{213DF2A4-D031-4658-889B-46FBF60FD1AE}"
EndProject
Project("{FAE04EC0-301F-11D3-BF4B-00C04F79EFBC}") = "CleanArchitecture.Application.UnitTests", "test\CleanArchitecture\CleanArchitecture.Application.UnitTests\CleanArchitecture.Application.UnitTests.csproj", "{D4337582-B563-414C-8F77-17D83021EF16}"
EndProject
Project("{FAE04EC0-301F-11D3-BF4B-00C04F79EFBC}") = "CleanArchitecture.Application.IntegrationTests", "test\CleanArchitecture\CleanArchitecture.Application.IntegrationTests\CleanArchitecture.Application.IntegrationTests.csproj", "{2CA59871-EDB5-4D69-A7B1-4CE412A3D7A4}"
EndProject
Project("{FAE04EC0-301F-11D3-BF4B-00C04F79EFBC}") = "CleanArchitecture.Api.FunctionalTests", "test\CleanArchitecture\CleanArchitecture.Api.FunctionalTests\CleanArchitecture.Api.FunctionalTests.csproj", "{A60FF6D0-7FE4-4A9C-A4F8-D983DBF46D34}"
EndProject
Global
	GlobalSection(SolutionConfigurationPlatforms) = preSolution
		Debug|Any CPU = Debug|Any CPU
		Release|Any CPU = Release|Any CPU
	EndGlobalSection
	GlobalSection(SolutionProperties) = preSolution
		HideSolutionNode = FALSE
	EndGlobalSection
	GlobalSection(ProjectConfigurationPlatforms) = postSolution
		{EFD396A7-B4EB-4BB8-AE58-E902BB8A31BD}.Debug|Any CPU.ActiveCfg = Debug|Any CPU
		{EFD396A7-B4EB-4BB8-AE58-E902BB8A31BD}.Debug|Any CPU.Build.0 = Debug|Any CPU
		{EFD396A7-B4EB-4BB8-AE58-E902BB8A31BD}.Release|Any CPU.ActiveCfg = Release|Any CPU
		{EFD396A7-B4EB-4BB8-AE58-E902BB8A31BD}.Release|Any CPU.Build.0 = Release|Any CPU
		{0CED6EB0-6685-4C6C-B1FC-B8D99ADE4BEA}.Debug|Any CPU.ActiveCfg = Debug|Any CPU
		{0CED6EB0-6685-4C6C-B1FC-B8D99ADE4BEA}.Debug|Any CPU.Build.0 = Debug|Any CPU
		{0CED6EB0-6685-4C6C-B1FC-B8D99ADE4BEA}.Release|Any CPU.ActiveCfg = Release|Any CPU
		{0CED6EB0-6685-4C6C-B1FC-B8D99ADE4BEA}.Release|Any CPU.Build.0 = Release|Any CPU
		{E9A8A6A4-CEAC-4FC9-B75C-53CE713485E7}.Debug|Any CPU.ActiveCfg = Debug|Any CPU
		{E9A8A6A4-CEAC-4FC9-B75C-53CE713485E7}.Debug|Any CPU.Build.0 = Debug|Any CPU
		{E9A8A6A4-CEAC-4FC9-B75C-53CE713485E7}.Release|Any CPU.ActiveCfg = Release|Any CPU
		{E9A8A6A4-CEAC-4FC9-B75C-53CE713485E7}.Release|Any CPU.Build.0 = Release|Any CPU
		{0F76856F-6174-4CC4-A851-F8636246C578}.Debug|Any CPU.ActiveCfg = Debug|Any CPU
		{0F76856F-6174-4CC4-A851-F8636246C578}.Debug|Any CPU.Build.0 = Debug|Any CPU
		{0F76856F-6174-4CC4-A851-F8636246C578}.Release|Any CPU.ActiveCfg = Release|Any CPU
		{0F76856F-6174-4CC4-A851-F8636246C578}.Release|Any CPU.Build.0 = Release|Any CPU
		{213DF2A4-D031-4658-889B-46FBF60FD1AE}.Debug|Any CPU.ActiveCfg = Debug|Any CPU
		{213DF2A4-D031-4658-889B-46FBF60FD1AE}.Debug|Any CPU.Build.0 = Debug|Any CPU
		{213DF2A4-D031-4658-889B-46FBF60FD1AE}.Release|Any CPU.ActiveCfg = Release|Any CPU
		{213DF2A4-D031-4658-889B-46FBF60FD1AE}.Release|Any CPU.Build.0 = Release|Any CPU
		{D4337582-B563-414C-8F77-17D83021EF16}.Debug|Any CPU.ActiveCfg = Debug|Any CPU
		{D4337582-B563-414C-8F77-17D83021EF16}.Debug|Any CPU.Build.0 = Debug|Any CPU
		{D4337582-B563-414C-8F77-17D83021EF16}.Release|Any CPU.ActiveCfg = Release|Any CPU
		{D4337582-B563-414C-8F77-17D83021EF16}.Release|Any CPU.Build.0 = Release|Any CPU
		{2CA59871-EDB5-4D69-A7B1-4CE412A3D7A4}.Debug|Any CPU.ActiveCfg = Debug|Any CPU
		{2CA59871-EDB5-4D69-A7B1-4CE412A3D7A4}.Debug|Any CPU.Build.0 = Debug|Any CPU
		{2CA59871-EDB5-4D69-A7B1-4CE412A3D7A4}.Release|Any CPU.ActiveCfg = Release|Any CPU
		{2CA59871-EDB5-4D69-A7B1-4CE412A3D7A4}.Release|Any CPU.Build.0 = Release|Any CPU
		{A60FF6D0-7FE4-4A9C-A4F8-D983DBF46D34}.Debug|Any CPU.ActiveCfg = Debug|Any CPU
		{A60FF6D0-7FE4-4A9C-A4F8-D983DBF46D34}.Debug|Any CPU.Build.0 = Debug|Any CPU
		{A60FF6D0-7FE4-4A9C-A4F8-D983DBF46D34}.Release|Any CPU.ActiveCfg = Release|Any CPU
		{A60FF6D0-7FE4-4A9C-A4F8-D983DBF46D34}.Release|Any CPU.Build.0 = Release|Any CPU
	EndGlobalSection
	GlobalSection(NestedProjects) = preSolution
		{AC83C255-2BCE-4EEB-8D12-D9D2A7121073} = {804686B9-310A-4636-98BF-2EE5E9B29ABA}
		{EFD396A7-B4EB-4BB8-AE58-E902BB8A31BD} = {AC83C255-2BCE-4EEB-8D12-D9D2A7121073}
		{0CED6EB0-6685-4C6C-B1FC-B8D99ADE4BEA} = {AC83C255-2BCE-4EEB-8D12-D9D2A7121073}
		{E9A8A6A4-CEAC-4FC9-B75C-53CE713485E7} = {AC83C255-2BCE-4EEB-8D12-D9D2A7121073}
		{0F76856F-6174-4CC4-A851-F8636246C578} = {AC83C255-2BCE-4EEB-8D12-D9D2A7121073}
		{5014BAFB-8084-40C3-BB3B-E5D0EC3A3DF4} = {472B1B70-9F97-4556-8A17-A538E3D9B759}
		{213DF2A4-D031-4658-889B-46FBF60FD1AE} = {5014BAFB-8084-40C3-BB3B-E5D0EC3A3DF4}
		{D4337582-B563-414C-8F77-17D83021EF16} = {5014BAFB-8084-40C3-BB3B-E5D0EC3A3DF4}
		{2CA59871-EDB5-4D69-A7B1-4CE412A3D7A4} = {5014BAFB-8084-40C3-BB3B-E5D0EC3A3DF4}
		{A60FF6D0-7FE4-4A9C-A4F8-D983DBF46D34} = {5014BAFB-8084-40C3-BB3B-E5D0EC3A3DF4}
	EndGlobalSection
EndGlobal
